{
  "name": "scripts",
  "lockfileVersion": 3,
  "requires": true,
  "packages": {
    "": {
      "dependencies": {
        "@soniox/node": "^1"
      }
    },
    "node_modules/@soniox/node": {
      "version": "1.1.2",
      "resolved": "https://registry.npmjs.org/@soniox/node/-/node-1.1.2.tgz",
      "integrity": "sha512-VVxwOW5KntJPHve2PxjdMYh+NpyaaqHr2eLqbp+zy/ajhtgOITy+zUSg6jnoIu4YylSK4+yl8yDgC3qy5XKkRw==",
      "license": "MIT"
    }
  }
}
